
Microsoft Visual Studio Solution File, Format Version 12.00
# Visual Studio Version 17
VisualStudioVersion = 17.11.35312.102
MinimumVisualStudioVersion = 10.0.40219.1
Project("{FAE04EC0-301F-11D3-BF4B-00C04F79EFBC}") = "кз_2_4", "кз_2_4\кз_2_4.csproj", "{6676AF29-B986-4083-BAAF-D818C332477A}"
EndProject
Global
	GlobalSection(SolutionConfigurationPlatforms) = preSolution
		Debug|Any CPU = Debug|Any CPU
		Release|Any CPU = Release|Any CPU
	EndGlobalSection
	GlobalSection(ProjectConfigurationPlatforms) = postSolution
		{6676AF29-B986-4083-BAAF-D818C332477A}.Debug|Any CPU.ActiveCfg = Debug|Any CPU
		{6676AF29-B986-4083-BAAF-D818C332477A}.Debug|Any CPU.Build.0 = Debug|Any CPU
		{6676AF29-B986-4083-BAAF-D818C332477A}.Release|Any CPU.ActiveCfg = Release|Any CPU
		{6676AF29-B986-4083-BAAF-D818C332477A}.Release|Any CPU.Build.0 = Release|Any CPU
	EndGlobalSection
	GlobalSection(SolutionProperties) = preSolution
		HideSolutionNode = FALSE
	EndGlobalSection
	GlobalSection(ExtensibilityGlobals) = postSolution
		SolutionGuid = {B3BF10A5-D2FB-4D7C-A2F6-4F05350FBEFF}
	EndGlobalSection
EndGlobal
