
Microsoft Visual Studio Solution File, Format Version 12.00
# Visual Studio Version 17
VisualStudioVersion = 17.11.35312.102
MinimumVisualStudioVersion = 10.0.40219.1
Project("{FAE04EC0-301F-11D3-BF4B-00C04F79EFBC}") = "ДЗ_1_3", "ДЗ_1_2\ДЗ_1_3.csproj", "{12E9EBA4-40E4-46A5-B9B7-6B7B9F7DDE76}"
EndProject
Global
	GlobalSection(SolutionConfigurationPlatforms) = preSolution
		Debug|Any CPU = Debug|Any CPU
		Release|Any CPU = Release|Any CPU
	EndGlobalSection
	GlobalSection(ProjectConfigurationPlatforms) = postSolution
		{12E9EBA4-40E4-46A5-B9B7-6B7B9F7DDE76}.Debug|Any CPU.ActiveCfg = Debug|Any CPU
		{12E9EBA4-40E4-46A5-B9B7-6B7B9F7DDE76}.Debug|Any CPU.Build.0 = Debug|Any CPU
		{12E9EBA4-40E4-46A5-B9B7-6B7B9F7DDE76}.Release|Any CPU.ActiveCfg = Release|Any CPU
		{12E9EBA4-40E4-46A5-B9B7-6B7B9F7DDE76}.Release|Any CPU.Build.0 = Release|Any CPU
	EndGlobalSection
	GlobalSection(SolutionProperties) = preSolution
		HideSolutionNode = FALSE
	EndGlobalSection
	GlobalSection(ExtensibilityGlobals) = postSolution
		SolutionGuid = {E601F196-3CA3-4463-A4E4-A50FBEE37292}
	EndGlobalSection
EndGlobal
